// !$*UTF8*$!
{
	archiveVersion = 1;
	classes = {
	};
	objectVersion = 56;
	objects = {

/* Begin PBXBuildFile section */
		1F1E981B2A511E3F006A7D39 /* nowplaying.mm in Sources */ = {isa = PBXBuildFile; fileRef = 1F1E981A2A511E3F006A7D39 /* nowplaying.mm */; };
		1F6FE2C92A468DFB00D646CE /* ProcessReporterApp.swift in Sources */ = {isa = PBXBuildFile; fileRef = 1F6FE2C82A468DFB00D646CE /* ProcessReporterApp.swift */; };
		1F6FE2CD2A468DFC00D646CE /* Assets.xcassets in Resources */ = {isa = PBXBuildFile; fileRef = 1F6FE2CC2A468DFC00D646CE /* Assets.xcassets */; };
		1F6FE2D02A468DFC00D646CE /* Preview Assets.xcassets in Resources */ = {isa = PBXBuildFile; fileRef = 1F6FE2CF2A468DFC00D646CE /* Preview Assets.xcassets */; };
		1F6FE2D82A469A8300D646CE /* Store.swift in Sources */ = {isa = PBXBuildFile; fileRef = 1F6FE2D72A469A8300D646CE /* Store.swift */; };
		1F6FE2DA2A469B7500D646CE /* SettingView.swift in Sources */ = {isa = PBXBuildFile; fileRef = 1F6FE2D92A469B7500D646CE /* SettingView.swift */; };
		1F6FE2DC2A469C6300D646CE /* MenuBarView.swift in Sources */ = {isa = PBXBuildFile; fileRef = 1F6FE2DB2A469C6300D646CE /* MenuBarView.swift */; };
		1F6FE2DE2A46F5CA00D646CE /* Reporter.swift in Sources */ = {isa = PBXBuildFile; fileRef = 1F6FE2DD2A46F5CA00D646CE /* Reporter.swift */; };
		1F7F712D2A596A3A007E60CD /* StatusBarManager.swift in Sources */ = {isa = PBXBuildFile; fileRef = 1F7F712C2A596A3A007E60CD /* StatusBarManager.swift */; };
/* End PBXBuildFile section */

/* Begin PBXFileReference section */
		1F1E98192A511E3F006A7D39 /* ProcessReporter-Bridging-Header.h */ = {isa = PBXFileReference; lastKnownFileType = sourcecode.c.h; path = "ProcessReporter-Bridging-Header.h"; sourceTree = "<group>"; };
		1F1E981A2A511E3F006A7D39 /* nowplaying.mm */ = {isa = PBXFileReference; lastKnownFileType = sourcecode.cpp.objcpp; path = nowplaying.mm; sourceTree = "<group>"; };
		1F1E981C2A511E7C006A7D39 /* Enums.h */ = {isa = PBXFileReference; lastKnownFileType = sourcecode.c.h; path = Enums.h; sourceTree = "<group>"; };
		1F1E981D2A511EA3006A7D39 /* MRContent.h */ = {isa = PBXFileReference; lastKnownFileType = sourcecode.c.h; path = MRContent.h; sourceTree = "<group>"; };
		1F1E981F2A512183006A7D39 /* nowplaying.h */ = {isa = PBXFileReference; lastKnownFileType = sourcecode.c.h; path = nowplaying.h; sourceTree = "<group>"; };
		1F6FE2C52A468DFB00D646CE /* ProcessReporter.app */ = {isa = PBXFileReference; explicitFileType = wrapper.application; includeInIndex = 0; path = ProcessReporter.app; sourceTree = BUILT_PRODUCTS_DIR; };
		1F6FE2C82A468DFB00D646CE /* ProcessReporterApp.swift */ = {isa = PBXFileReference; lastKnownFileType = sourcecode.swift; path = ProcessReporterApp.swift; sourceTree = "<group>"; };
		1F6FE2CC2A468DFC00D646CE /* Assets.xcassets */ = {isa = PBXFileReference; lastKnownFileType = folder.assetcatalog; path = Assets.xcassets; sourceTree = "<group>"; };
		1F6FE2CF2A468DFC00D646CE /* Preview Assets.xcassets */ = {isa = PBXFileReference; lastKnownFileType = folder.assetcatalog; path = "Preview Assets.xcassets"; sourceTree = "<group>"; };
		1F6FE2D12A468DFC00D646CE /* ProcessReporter.entitlements */ = {isa = PBXFileReference; lastKnownFileType = text.plist.entitlements; path = ProcessReporter.entitlements; sourceTree = "<group>"; };
		1F6FE2D72A469A8300D646CE /* Store.swift */ = {isa = PBXFileReference; lastKnownFileType = sourcecode.swift; path = Store.swift; sourceTree = "<group>"; };
		1F6FE2D92A469B7500D646CE /* SettingView.swift */ = {isa = PBXFileReference; lastKnownFileType = sourcecode.swift; path = SettingView.swift; sourceTree = "<group>"; };
		1F6FE2DB2A469C6300D646CE /* MenuBarView.swift */ = {isa = PBXFileReference; lastKnownFileType = sourcecode.swift; path = MenuBarView.swift; sourceTree = "<group>"; };
		1F6FE2DD2A46F5CA00D646CE /* Reporter.swift */ = {isa = PBXFileReference; lastKnownFileType = sourcecode.swift; path = Reporter.swift; sourceTree = "<group>"; };
		1F7F712C2A596A3A007E60CD /* StatusBarManager.swift */ = {isa = PBXFileReference; lastKnownFileType = sourcecode.swift; path = StatusBarManager.swift; sourceTree = "<group>"; };
/* End PBXFileReference section */

/* Begin PBXFrameworksBuildPhase section */
		1F6FE2C22A468DFB00D646CE /* Frameworks */ = {
			isa = PBXFrameworksBuildPhase;
			buildActionMask = 2147483647;
			files = (
			);
			runOnlyForDeploymentPostprocessing = 0;
		};
/* End PBXFrameworksBuildPhase section */

/* Begin PBXGroup section */
		1F6FE2BC2A468DFB00D646CE = {
			isa = PBXGroup;
			children = (
				1F6FE2C72A468DFB00D646CE /* ProcessReporter */,
				1F6FE2C62A468DFB00D646CE /* Products */,
			);
			sourceTree = "<group>";
		};
		1F6FE2C62A468DFB00D646CE /* Products */ = {
			isa = PBXGroup;
			children = (
				1F6FE2C52A468DFB00D646CE /* ProcessReporter.app */,
			);
			name = Products;
			sourceTree = "<group>";
		};
		1F6FE2C72A468DFB00D646CE /* ProcessReporter */ = {
			isa = PBXGroup;
			children = (
				1F6FE2C82A468DFB00D646CE /* ProcessReporterApp.swift */,
				1F6FE2DB2A469C6300D646CE /* MenuBarView.swift */,
				1F6FE2D92A469B7500D646CE /* SettingView.swift */,
				1F7F712C2A596A3A007E60CD /* StatusBarManager.swift */,
				1F6FE2DD2A46F5CA00D646CE /* Reporter.swift */,
				1F1E981A2A511E3F006A7D39 /* nowplaying.mm */,
				1F1E981F2A512183006A7D39 /* nowplaying.h */,
				1F6FE2D72A469A8300D646CE /* Store.swift */,
				1F6FE2CC2A468DFC00D646CE /* Assets.xcassets */,
				1F6FE2D12A468DFC00D646CE /* ProcessReporter.entitlements */,
				1F6FE2CE2A468DFC00D646CE /* Preview Content */,
				1F1E98192A511E3F006A7D39 /* ProcessReporter-Bridging-Header.h */,
				1F1E981C2A511E7C006A7D39 /* Enums.h */,
				1F1E981D2A511EA3006A7D39 /* MRContent.h */,
			);
			path = ProcessReporter;
			sourceTree = "<group>";
		};
		1F6FE2CE2A468DFC00D646CE /* Preview Content */ = {
			isa = PBXGroup;
			children = (
				1F6FE2CF2A468DFC00D646CE /* Preview Assets.xcassets */,
			);
			path = "Preview Content";
			sourceTree = "<group>";
		};
/* End PBXGroup section */

/* Begin PBXNativeTarget section */
		1F6FE2C42A468DFB00D646CE /* ProcessReporter */ = {
			isa = PBXNativeTarget;
			buildConfigurationList = 1F6FE2D42A468DFC00D646CE /* Build configuration list for PBXNativeTarget "ProcessReporter" */;
			buildPhases = (
				1F6FE2C12A468DFB00D646CE /* Sources */,
				1F6FE2C22A468DFB00D646CE /* Frameworks */,
				1F6FE2C32A468DFB00D646CE /* Resources */,
			);
			buildRules = (
			);
			dependencies = (
			);
			name = ProcessReporter;
			productName = ProcessReporter;
			productReference = 1F6FE2C52A468DFB00D646CE /* ProcessReporter.app */;
			productType = "com.apple.product-type.application";
		};
/* End PBXNativeTarget section */

/* Begin PBXProject section */
		1F6FE2BD2A468DFB00D646CE /* Project object */ = {
			isa = PBXProject;
			attributes = {
				BuildIndependentTargetsInParallel = 1;
				LastSwiftUpdateCheck = 1430;
				LastUpgradeCheck = 1430;
				TargetAttributes = {
					1F6FE2C42A468DFB00D646CE = {
						CreatedOnToolsVersion = 14.3.1;
						LastSwiftMigration = 1430;
					};
				};
			};
			buildConfigurationList = 1F6FE2C02A468DFB00D646CE /* Build configuration list for PBXProject "ProcessReporter" */;
			compatibilityVersion = "Xcode 14.0";
			developmentRegion = en;
			hasScannedForEncodings = 0;
			knownRegions = (
				en,
				Base,
			);
			mainGroup = 1F6FE2BC2A468DFB00D646CE;
			productRefGroup = 1F6FE2C62A468DFB00D646CE /* Products */;
			projectDirPath = "";
			projectRoot = "";
			targets = (
				1F6FE2C42A468DFB00D646CE /* ProcessReporter */,
			);
		};
/* End PBXProject section */

/* Begin PBXResourcesBuildPhase section */
		1F6FE2C32A468DFB00D646CE /* Resources */ = {
			isa = PBXResourcesBuildPhase;
			buildActionMask = 2147483647;
			files = (
				1F6FE2D02A468DFC00D646CE /* Preview Assets.xcassets in Resources */,
				1F6FE2CD2A468DFC00D646CE /* Assets.xcassets in Resources */,
			);
			runOnlyForDeploymentPostprocessing = 0;
		};
/* End PBXResourcesBuildPhase section */

/* Begin PBXSourcesBuildPhase section */
		1F6FE2C12A468DFB00D646CE /* Sources */ = {
			isa = PBXSourcesBuildPhase;
			buildActionMask = 2147483647;
			files = (
				1F6FE2D82A469A8300D646CE /* Store.swift in Sources */,
				1F1E981B2A511E3F006A7D39 /* nowplaying.mm in Sources */,
				1F6FE2DA2A469B7500D646CE /* SettingView.swift in Sources */,
				1F7F712D2A596A3A007E60CD /* StatusBarManager.swift in Sources */,
				1F6FE2C92A468DFB00D646CE /* ProcessReporterApp.swift in Sources */,
				1F6FE2DE2A46F5CA00D646CE /* Reporter.swift in Sources */,
				1F6FE2DC2A469C6300D646CE /* MenuBarView.swift in Sources */,
			);
			runOnlyForDeploymentPostprocessing = 0;
		};
/* End PBXSourcesBuildPhase section */

/* Begin XCBuildConfiguration section */
		1F6FE2D22A468DFC00D646CE /* Debug */ = {
			isa = XCBuildConfiguration;
			buildSettings = {
				ALWAYS_SEARCH_USER_PATHS = NO;
				CLANG_ANALYZER_NONNULL = YES;
				CLANG_ANALYZER_NUMBER_OBJECT_CONVERSION = YES_AGGRESSIVE;
				CLANG_CXX_LANGUAGE_STANDARD = "gnu++20";
				CLANG_ENABLE_MODULES = YES;
				CLANG_ENABLE_OBJC_ARC = YES;
				CLANG_ENABLE_OBJC_WEAK = YES;
				CLANG_WARN_BLOCK_CAPTURE_AUTORELEASING = YES;
				CLANG_WARN_BOOL_CONVERSION = YES;
				CLANG_WARN_COMMA = YES;
				CLANG_WARN_CONSTANT_CONVERSION = YES;
				CLANG_WARN_DEPRECATED_OBJC_IMPLEMENTATIONS = YES;
				CLANG_WARN_DIRECT_OBJC_ISA_USAGE = YES_ERROR;
				CLANG_WARN_DOCUMENTATION_COMMENTS = YES;
				CLANG_WARN_EMPTY_BODY = YES;
				CLANG_WARN_ENUM_CONVERSION = YES;
				CLANG_WARN_INFINITE_RECURSION = YES;
				CLANG_WARN_INT_CONVERSION = YES;
				CLANG_WARN_NON_LITERAL_NULL_CONVERSION = YES;
				CLANG_WARN_OBJC_IMPLICIT_RETAIN_SELF = YES;
				CLANG_WARN_OBJC_LITERAL_CONVERSION = YES;
				CLANG_WARN_OBJC_ROOT_CLASS = YES_ERROR;
				CLANG_WARN_QUOTED_INCLUDE_IN_FRAMEWORK_HEADER = YES;
				CLANG_WARN_RANGE_LOOP_ANALYSIS = YES;
				CLANG_WARN_STRICT_PROTOTYPES = YES;
				CLANG_WARN_SUSPICIOUS_MOVE = YES;
				CLANG_WARN_UNGUARDED_AVAILABILITY = YES_AGGRESSIVE;
				CLANG_WARN_UNREACHABLE_CODE = YES;
				CLANG_WARN__DUPLICATE_METHOD_MATCH = YES;
				COPY_PHASE_STRIP = NO;
				DEBUG_INFORMATION_FORMAT = dwarf;
				ENABLE_STRICT_OBJC_MSGSEND = YES;
				ENABLE_TESTABILITY = YES;
				GCC_C_LANGUAGE_STANDARD = gnu11;
				GCC_DYNAMIC_NO_PIC = NO;
				GCC_NO_COMMON_BLOCKS = YES;
				GCC_OPTIMIZATION_LEVEL = 0;
				GCC_PREPROCESSOR_DEFINITIONS = (
					"DEBUG=1",
					"$(inherited)",
				);
				GCC_WARN_64_TO_32_BIT_CONVERSION = YES;
				GCC_WARN_ABOUT_RETURN_TYPE = YES_ERROR;
				GCC_WARN_UNDECLARED_SELECTOR = YES;
				GCC_WARN_UNINITIALIZED_AUTOS = YES_AGGRESSIVE;
				GCC_WARN_UNUSED_FUNCTION = YES;
				GCC_WARN_UNUSED_VARIABLE = YES;
				MACOSX_DEPLOYMENT_TARGET = 13.3;
				MTL_ENABLE_DEBUG_INFO = INCLUDE_SOURCE;
				MTL_FAST_MATH = YES;
				ONLY_ACTIVE_ARCH = YES;
				SDKROOT = macosx;
				SWIFT_ACTIVE_COMPILATION_CONDITIONS = DEBUG;
				SWIFT_OPTIMIZATION_LEVEL = "-Onone";
			};
			name = Debug;
		};
		1F6FE2D32A468DFC00D646CE /* Release */ = {
			isa = XCBuildConfiguration;
			buildSettings = {
				ALWAYS_SEARCH_USER_PATHS = NO;
				CLANG_ANALYZER_NONNULL = YES;
				CLANG_ANALYZER_NUMBER_OBJECT_CONVERSION = YES_AGGRESSIVE;
				CLANG_CXX_LANGUAGE_STANDARD = "gnu++20";
				CLANG_ENABLE_MODULES = YES;
				CLANG_ENABLE_OBJC_ARC = YES;
				CLANG_ENABLE_OBJC_WEAK = YES;
				CLANG_WARN_BLOCK_CAPTURE_AUTORELEASING = YES;
				CLANG_WARN_BOOL_CONVERSION = YES;
				CLANG_WARN_COMMA = YES;
				CLANG_WARN_CONSTANT_CONVERSION = YES;
				CLANG_WARN_DEPRECATED_OBJC_IMPLEMENTATIONS = YES;
				CLANG_WARN_DIRECT_OBJC_ISA_USAGE = YES_ERROR;
				CLANG_WARN_DOCUMENTATION_COMMENTS = YES;
				CLANG_WARN_EMPTY_BODY = YES;
				CLANG_WARN_ENUM_CONVERSION = YES;
				CLANG_WARN_INFINITE_RECURSION = YES;
				CLANG_WARN_INT_CONVERSION = YES;
				CLANG_WARN_NON_LITERAL_NULL_CONVERSION = YES;
				CLANG_WARN_OBJC_IMPLICIT_RETAIN_SELF = YES;
				CLANG_WARN_OBJC_LITERAL_CONVERSION = YES;
				CLANG_WARN_OBJC_ROOT_CLASS = YES_ERROR;
				CLANG_WARN_QUOTED_INCLUDE_IN_FRAMEWORK_HEADER = YES;
				CLANG_WARN_RANGE_LOOP_ANALYSIS = YES;
				CLANG_WARN_STRICT_PROTOTYPES = YES;
				CLANG_WARN_SUSPICIOUS_MOVE = YES;
				CLANG_WARN_UNGUARDED_AVAILABILITY = YES_AGGRESSIVE;
				CLANG_WARN_UNREACHABLE_CODE = YES;
				CLANG_WARN__DUPLICATE_METHOD_MATCH = YES;
				COPY_PHASE_STRIP = NO;
				DEBUG_INFORMATION_FORMAT = "dwarf-with-dsym";
				ENABLE_NS_ASSERTIONS = NO;
				ENABLE_STRICT_OBJC_MSGSEND = YES;
				GCC_C_LANGUAGE_STANDARD = gnu11;
				GCC_NO_COMMON_BLOCKS = YES;
				GCC_WARN_64_TO_32_BIT_CONVERSION = YES;
				GCC_WARN_ABOUT_RETURN_TYPE = YES_ERROR;
				GCC_WARN_UNDECLARED_SELECTOR = YES;
				GCC_WARN_UNINITIALIZED_AUTOS = YES_AGGRESSIVE;
				GCC_WARN_UNUSED_FUNCTION = YES;
				GCC_WARN_UNUSED_VARIABLE = YES;
				MACOSX_DEPLOYMENT_TARGET = 13.3;
				MTL_ENABLE_DEBUG_INFO = NO;
				MTL_FAST_MATH = YES;
				SDKROOT = macosx;
				SWIFT_COMPILATION_MODE = wholemodule;
				SWIFT_OPTIMIZATION_LEVEL = "-O";
			};
			name = Release;
		};
		1F6FE2D52A468DFC00D646CE /* Debug */ = {
			isa = XCBuildConfiguration;
			buildSettings = {
				ASSETCATALOG_COMPILER_APPICON_NAME = AppIcon;
				ASSETCATALOG_COMPILER_GLOBAL_ACCENT_COLOR_NAME = AccentColor;
				CLANG_ENABLE_MODULES = YES;
				CODE_SIGN_ENTITLEMENTS = ProcessReporter/ProcessReporter.entitlements;
				CODE_SIGN_STYLE = Automatic;
				COMBINE_HIDPI_IMAGES = YES;
				CURRENT_PROJECT_VERSION = 1;
				DEVELOPMENT_ASSET_PATHS = "\"ProcessReporter/Preview Content\"";
				ENABLE_PREVIEWS = YES;
				GENERATE_INFOPLIST_FILE = YES;
				INFOPLIST_KEY_LSUIElement = YES;
				INFOPLIST_KEY_NSHumanReadableCopyright = "";
				LD_RUNPATH_SEARCH_PATHS = (
					"$(inherited)",
					"@executable_path/../Frameworks",
				);
				MARKETING_VERSION = 1.0;
				PRODUCT_BUNDLE_IDENTIFIER = dev.innei.ProcessReporter;
				PRODUCT_NAME = "$(TARGET_NAME)";
				SWIFT_EMIT_LOC_STRINGS = YES;
				SWIFT_OBJC_BRIDGING_HEADER = "ProcessReporter/ProcessReporter-Bridging-Header.h";
				SWIFT_OPTIMIZATION_LEVEL = "-Onone";
				SWIFT_VERSION = 5.0;
			};
			name = Debug;
		};
		1F6FE2D62A468DFC00D646CE /* Release */ = {
			isa = XCBuildConfiguration;
			buildSettings = {
				ASSETCATALOG_COMPILER_APPICON_NAME = AppIcon;
				ASSETCATALOG_COMPILER_GLOBAL_ACCENT_COLOR_NAME = AccentColor;
				CLANG_ENABLE_MODULES = YES;
				CODE_SIGN_ENTITLEMENTS = ProcessReporter/ProcessReporter.entitlements;
				CODE_SIGN_STYLE = Automatic;
				COMBINE_HIDPI_IMAGES = YES;
				CURRENT_PROJECT_VERSION = 1;
				DEVELOPMENT_ASSET_PATHS = "\"ProcessReporter/Preview Content\"";
				ENABLE_PREVIEWS = YES;
				GENERATE_INFOPLIST_FILE = YES;
				INFOPLIST_KEY_LSUIElement = YES;
				INFOPLIST_KEY_NSHumanReadableCopyright = "";
				LD_RUNPATH_SEARCH_PATHS = (
					"$(inherited)",
					"@executable_path/../Frameworks",
				);
				MARKETING_VERSION = 1.0;
				PRODUCT_BUNDLE_IDENTIFIER = dev.innei.ProcessReporter;
				PRODUCT_NAME = "$(TARGET_NAME)";
				SWIFT_EMIT_LOC_STRINGS = YES;
				SWIFT_OBJC_BRIDGING_HEADER = "ProcessReporter/ProcessReporter-Bridging-Header.h";
				SWIFT_VERSION = 5.0;
			};
			name = Release;
		};
/* End XCBuildConfiguration section */

/* Begin XCConfigurationList section */
		1F6FE2C02A468DFB00D646CE /* Build configuration list for PBXProject "ProcessReporter" */ = {
			isa = XCConfigurationList;
			buildConfigurations = (
				1F6FE2D22A468DFC00D646CE /* Debug */,
				1F6FE2D32A468DFC00D646CE /* Release */,
			);
			defaultConfigurationIsVisible = 0;
			defaultConfigurationName = Release;
		};
		1F6FE2D42A468DFC00D646CE /* Build configuration list for PBXNativeTarget "ProcessReporter" */ = {
			isa = XCConfigurationList;
			buildConfigurations = (
				1F6FE2D52A468DFC00D646CE /* Debug */,
				1F6FE2D62A468DFC00D646CE /* Release */,
			);
			defaultConfigurationIsVisible = 0;
			defaultConfigurationName = Release;
		};
/* End XCConfigurationList section */
	};
	rootObject = 1F6FE2BD2A468DFB00D646CE /* Project object */;
}
