// !$*UTF8*$!
{
	archiveVersion = 1;
	classes = {
	};
	objectVersion = 56;
	objects = {

/* Begin PBXBuildFile section */
		1F04C21C2A63C068002FE62F /* Atoms.swift in Sources */ = {isa = PBXBuildFile; fileRef = 1F04C21B2A63C068002FE62F /* Atoms.swift */; };
		1F04C2222A63C81B002FE62F /* SwiftJotai in Frameworks */ = {isa = PBXBuildFile; productRef = 1F04C2212A63C81B002FE62F /* SwiftJotai */; };
		1F04C2242A63CB7B002FE62F /* ReportTypeView.swift in Sources */ = {isa = PBXBuildFile; fileRef = 1F04C2232A63CB7B002FE62F /* ReportTypeView.swift */; };
		1F04C2262A63CBED002FE62F /* ReportInfoView.swift in Sources */ = {isa = PBXBuildFile; fileRef = 1F04C2252A63CBED002FE62F /* ReportInfoView.swift */; };
		1F04C2282A63D4B9002FE62F /* BaseSettingView.swift in Sources */ = {isa = PBXBuildFile; fileRef = 1F04C2272A63D4B9002FE62F /* BaseSettingView.swift */; };
		1F04C22C2A63E5A2002FE62F /* LaunchAtLogin in Frameworks */ = {isa = PBXBuildFile; productRef = 1F04C22B2A63E5A2002FE62F /* LaunchAtLogin */; };
		1F1DA6BE2A875EDE0076B77F /* NotificationManager.swift in Sources */ = {isa = PBXBuildFile; fileRef = 1F1DA6BD2A875EDE0076B77F /* NotificationManager.swift */; };
		1F1DA6C02A8764290076B77F /* Reporter+Media.swift in Sources */ = {isa = PBXBuildFile; fileRef = 1F1DA6BF2A8764290076B77F /* Reporter+Media.swift */; };
		1F1DA6C22A87644F0076B77F /* Reporter+API.swift in Sources */ = {isa = PBXBuildFile; fileRef = 1F1DA6C12A87644F0076B77F /* Reporter+API.swift */; };
		1F1DA6C82A8767550076B77F /* Reporter+Slack.swift in Sources */ = {isa = PBXBuildFile; fileRef = 1F1DA6C72A8767550076B77F /* Reporter+Slack.swift */; };
		1F1DA6CA2A876C740076B77F /* Reporter+Formatter.swift in Sources */ = {isa = PBXBuildFile; fileRef = 1F1DA6C92A876C740076B77F /* Reporter+Formatter.swift */; };
		1F1E981B2A511E3F006A7D39 /* nowplaying.mm in Sources */ = {isa = PBXBuildFile; fileRef = 1F1E981A2A511E3F006A7D39 /* nowplaying.mm */; };
		1F3BE35F2A62F13D0059A818 /* Agent.swift in Sources */ = {isa = PBXBuildFile; fileRef = 1F3BE35E2A62F13D0059A818 /* Agent.swift */; };
		1F3BE3672A62FA910059A818 /* ReportType.swift in Sources */ = {isa = PBXBuildFile; fileRef = 1F3BE3662A62FA910059A818 /* ReportType.swift */; };
		1F3BE3692A62FB220059A818 /* Persisted+Modifier.swift in Sources */ = {isa = PBXBuildFile; fileRef = 1F3BE3682A62FB220059A818 /* Persisted+Modifier.swift */; };
		1F3BE36B2A62FED80059A818 /* Array+Extension.swift in Sources */ = {isa = PBXBuildFile; fileRef = 1F3BE36A2A62FED80059A818 /* Array+Extension.swift */; };
		1F3BE36F2A63B3220059A818 /* Request.swift in Sources */ = {isa = PBXBuildFile; fileRef = 1F3BE36E2A63B3220059A818 /* Request.swift */; };
		1F6FE2C92A468DFB00D646CE /* ProcessReporterApp.swift in Sources */ = {isa = PBXBuildFile; fileRef = 1F6FE2C82A468DFB00D646CE /* ProcessReporterApp.swift */; };
		1F6FE2CD2A468DFC00D646CE /* Assets.xcassets in Resources */ = {isa = PBXBuildFile; fileRef = 1F6FE2CC2A468DFC00D646CE /* Assets.xcassets */; };
		1F6FE2D02A468DFC00D646CE /* Preview Assets.xcassets in Resources */ = {isa = PBXBuildFile; fileRef = 1F6FE2CF2A468DFC00D646CE /* Preview Assets.xcassets */; };
		1F6FE2D82A469A8300D646CE /* Store.swift in Sources */ = {isa = PBXBuildFile; fileRef = 1F6FE2D72A469A8300D646CE /* Store.swift */; };
		1F6FE2DA2A469B7500D646CE /* SettingView.swift in Sources */ = {isa = PBXBuildFile; fileRef = 1F6FE2D92A469B7500D646CE /* SettingView.swift */; };
		1F6FE2DC2A469C6300D646CE /* MenuBarView.swift in Sources */ = {isa = PBXBuildFile; fileRef = 1F6FE2DB2A469C6300D646CE /* MenuBarView.swift */; };
		1F6FE2DE2A46F5CA00D646CE /* Reporter.swift in Sources */ = {isa = PBXBuildFile; fileRef = 1F6FE2DD2A46F5CA00D646CE /* Reporter.swift */; };
		1FAAEC482A66702100C086FF /* Application.swift in Sources */ = {isa = PBXBuildFile; fileRef = 1FAAEC472A66702100C086FF /* Application.swift */; };
		1FBAFA042A815AA200425224 /* RelativeTimeView.swift in Sources */ = {isa = PBXBuildFile; fileRef = 1FBAFA032A815AA200425224 /* RelativeTimeView.swift */; };
		1FF3ED2B2A8692A900EEF21D /* IntergrationView.swift in Sources */ = {isa = PBXBuildFile; fileRef = 1FF3ED2A2A8692A900EEF21D /* IntergrationView.swift */; };
		1FF3ED2E2A8732AA00EEF21D /* ApiIntegrationView.swift in Sources */ = {isa = PBXBuildFile; fileRef = 1FF3ED2D2A8732AA00EEF21D /* ApiIntegrationView.swift */; };
		1FF3ED302A8732C600EEF21D /* SlackIntegrationView.swift in Sources */ = {isa = PBXBuildFile; fileRef = 1FF3ED2F2A8732C600EEF21D /* SlackIntegrationView.swift */; };
		1FF3ED322A8738D600EEF21D /* Defaults.swift in Sources */ = {isa = PBXBuildFile; fileRef = 1FF3ED312A8738D600EEF21D /* Defaults.swift */; };
		1FFC0FC52A5AE4FE00F67585 /* ActiveApplicationObserver.swift in Sources */ = {isa = PBXBuildFile; fileRef = 1FFC0FC42A5AE4FE00F67585 /* ActiveApplicationObserver.swift */; };
/* End PBXBuildFile section */

/* Begin PBXFileReference section */
		1F04C21B2A63C068002FE62F /* Atoms.swift */ = {isa = PBXFileReference; lastKnownFileType = sourcecode.swift; path = Atoms.swift; sourceTree = "<group>"; };
		1F04C2232A63CB7B002FE62F /* ReportTypeView.swift */ = {isa = PBXFileReference; lastKnownFileType = sourcecode.swift; path = ReportTypeView.swift; sourceTree = "<group>"; };
		1F04C2252A63CBED002FE62F /* ReportInfoView.swift */ = {isa = PBXFileReference; lastKnownFileType = sourcecode.swift; path = ReportInfoView.swift; sourceTree = "<group>"; };
		1F04C2272A63D4B9002FE62F /* BaseSettingView.swift */ = {isa = PBXFileReference; lastKnownFileType = sourcecode.swift; path = BaseSettingView.swift; sourceTree = "<group>"; };
		1F04C2292A63E391002FE62F /* README.md */ = {isa = PBXFileReference; lastKnownFileType = net.daringfireball.markdown; path = README.md; sourceTree = "<group>"; };
		1F1DA6BD2A875EDE0076B77F /* NotificationManager.swift */ = {isa = PBXFileReference; lastKnownFileType = sourcecode.swift; path = NotificationManager.swift; sourceTree = "<group>"; };
		1F1DA6BF2A8764290076B77F /* Reporter+Media.swift */ = {isa = PBXFileReference; lastKnownFileType = sourcecode.swift; path = "Reporter+Media.swift"; sourceTree = "<group>"; };
		1F1DA6C12A87644F0076B77F /* Reporter+API.swift */ = {isa = PBXFileReference; lastKnownFileType = sourcecode.swift; path = "Reporter+API.swift"; sourceTree = "<group>"; };
		1F1DA6C72A8767550076B77F /* Reporter+Slack.swift */ = {isa = PBXFileReference; lastKnownFileType = sourcecode.swift; path = "Reporter+Slack.swift"; sourceTree = "<group>"; };
		1F1DA6C92A876C740076B77F /* Reporter+Formatter.swift */ = {isa = PBXFileReference; lastKnownFileType = sourcecode.swift; path = "Reporter+Formatter.swift"; sourceTree = "<group>"; };
		1F1E98192A511E3F006A7D39 /* ProcessReporter-Bridging-Header.h */ = {isa = PBXFileReference; lastKnownFileType = sourcecode.c.h; path = "ProcessReporter-Bridging-Header.h"; sourceTree = "<group>"; };
		1F1E981A2A511E3F006A7D39 /* nowplaying.mm */ = {isa = PBXFileReference; lastKnownFileType = sourcecode.cpp.objcpp; path = nowplaying.mm; sourceTree = "<group>"; };
		1F1E981C2A511E7C006A7D39 /* Enums.h */ = {isa = PBXFileReference; lastKnownFileType = sourcecode.c.h; path = Enums.h; sourceTree = "<group>"; };
		1F1E981D2A511EA3006A7D39 /* MRContent.h */ = {isa = PBXFileReference; lastKnownFileType = sourcecode.c.h; path = MRContent.h; sourceTree = "<group>"; };
		1F1E981F2A512183006A7D39 /* nowplaying.h */ = {isa = PBXFileReference; lastKnownFileType = sourcecode.c.h; path = nowplaying.h; sourceTree = "<group>"; };
		1F3BE35E2A62F13D0059A818 /* Agent.swift */ = {isa = PBXFileReference; lastKnownFileType = sourcecode.swift; path = Agent.swift; sourceTree = "<group>"; };
		1F3BE3662A62FA910059A818 /* ReportType.swift */ = {isa = PBXFileReference; lastKnownFileType = sourcecode.swift; path = ReportType.swift; sourceTree = "<group>"; };
		1F3BE3682A62FB220059A818 /* Persisted+Modifier.swift */ = {isa = PBXFileReference; lastKnownFileType = sourcecode.swift; path = "Persisted+Modifier.swift"; sourceTree = "<group>"; };
		1F3BE36A2A62FED80059A818 /* Array+Extension.swift */ = {isa = PBXFileReference; lastKnownFileType = sourcecode.swift; path = "Array+Extension.swift"; sourceTree = "<group>"; };
		1F3BE36E2A63B3220059A818 /* Request.swift */ = {isa = PBXFileReference; lastKnownFileType = sourcecode.swift; path = Request.swift; sourceTree = "<group>"; };
		1F6FE2C52A468DFB00D646CE /* ProcessReporter.app */ = {isa = PBXFileReference; explicitFileType = wrapper.application; includeInIndex = 0; path = ProcessReporter.app; sourceTree = BUILT_PRODUCTS_DIR; };
		1F6FE2C82A468DFB00D646CE /* ProcessReporterApp.swift */ = {isa = PBXFileReference; lastKnownFileType = sourcecode.swift; path = ProcessReporterApp.swift; sourceTree = "<group>"; };
		1F6FE2CC2A468DFC00D646CE /* Assets.xcassets */ = {isa = PBXFileReference; lastKnownFileType = folder.assetcatalog; path = Assets.xcassets; sourceTree = "<group>"; };
		1F6FE2CF2A468DFC00D646CE /* Preview Assets.xcassets */ = {isa = PBXFileReference; lastKnownFileType = folder.assetcatalog; path = "Preview Assets.xcassets"; sourceTree = "<group>"; };
		1F6FE2D12A468DFC00D646CE /* ProcessReporter.entitlements */ = {isa = PBXFileReference; lastKnownFileType = text.plist.entitlements; path = ProcessReporter.entitlements; sourceTree = "<group>"; };
		1F6FE2D72A469A8300D646CE /* Store.swift */ = {isa = PBXFileReference; lastKnownFileType = sourcecode.swift; path = Store.swift; sourceTree = "<group>"; };
		1F6FE2D92A469B7500D646CE /* SettingView.swift */ = {isa = PBXFileReference; lastKnownFileType = sourcecode.swift; path = SettingView.swift; sourceTree = "<group>"; };
		1F6FE2DB2A469C6300D646CE /* MenuBarView.swift */ = {isa = PBXFileReference; lastKnownFileType = sourcecode.swift; path = MenuBarView.swift; sourceTree = "<group>"; };
		1F6FE2DD2A46F5CA00D646CE /* Reporter.swift */ = {isa = PBXFileReference; lastKnownFileType = sourcecode.swift; path = Reporter.swift; sourceTree = "<group>"; };
		1FAAEC462A666ED800C086FF /* Info.plist */ = {isa = PBXFileReference; lastKnownFileType = text.plist; path = Info.plist; sourceTree = "<group>"; };
		1FAAEC472A66702100C086FF /* Application.swift */ = {isa = PBXFileReference; lastKnownFileType = sourcecode.swift; path = Application.swift; sourceTree = "<group>"; };
		1FBAFA032A815AA200425224 /* RelativeTimeView.swift */ = {isa = PBXFileReference; lastKnownFileType = sourcecode.swift; path = RelativeTimeView.swift; sourceTree = "<group>"; };
		1FF3ED2A2A8692A900EEF21D /* IntergrationView.swift */ = {isa = PBXFileReference; lastKnownFileType = sourcecode.swift; path = IntergrationView.swift; sourceTree = "<group>"; };
		1FF3ED2D2A8732AA00EEF21D /* ApiIntegrationView.swift */ = {isa = PBXFileReference; lastKnownFileType = sourcecode.swift; path = ApiIntegrationView.swift; sourceTree = "<group>"; };
		1FF3ED2F2A8732C600EEF21D /* SlackIntegrationView.swift */ = {isa = PBXFileReference; lastKnownFileType = sourcecode.swift; path = SlackIntegrationView.swift; sourceTree = "<group>"; };
		1FF3ED312A8738D600EEF21D /* Defaults.swift */ = {isa = PBXFileReference; lastKnownFileType = sourcecode.swift; path = Defaults.swift; sourceTree = "<group>"; };
		1FFC0FC42A5AE4FE00F67585 /* ActiveApplicationObserver.swift */ = {isa = PBXFileReference; lastKnownFileType = sourcecode.swift; path = ActiveApplicationObserver.swift; sourceTree = "<group>"; };
/* End PBXFileReference section */

/* Begin PBXFrameworksBuildPhase section */
		1F6FE2C22A468DFB00D646CE /* Frameworks */ = {
			isa = PBXFrameworksBuildPhase;
			buildActionMask = 2147483647;
			files = (
				1F04C22C2A63E5A2002FE62F /* LaunchAtLogin in Frameworks */,
				1F04C2222A63C81B002FE62F /* SwiftJotai in Frameworks */,
			);
			runOnlyForDeploymentPostprocessing = 0;
		};
/* End PBXFrameworksBuildPhase section */

/* Begin PBXGroup section */
		1F04C21A2A63C003002FE62F /* PlayingBridage */ = {
			isa = PBXGroup;
			children = (
				1F1E981A2A511E3F006A7D39 /* nowplaying.mm */,
				1F1E981F2A512183006A7D39 /* nowplaying.h */,
				1F1E981C2A511E7C006A7D39 /* Enums.h */,
				1F1E981D2A511EA3006A7D39 /* MRContent.h */,
			);
			path = PlayingBridage;
			sourceTree = "<group>";
		};
		1F1DA6C32A8764F80076B77F /* Utils */ = {
			isa = PBXGroup;
			children = (
				1FAAEC472A66702100C086FF /* Application.swift */,
				1F1DA6BD2A875EDE0076B77F /* NotificationManager.swift */,
				1FFC0FC42A5AE4FE00F67585 /* ActiveApplicationObserver.swift */,
				1F3BE35E2A62F13D0059A818 /* Agent.swift */,
				1F3BE36E2A63B3220059A818 /* Request.swift */,
				1F6FE2D72A469A8300D646CE /* Store.swift */,
				1F3BE3682A62FB220059A818 /* Persisted+Modifier.swift */,
				1F1DA6C42A8765000076B77F /* Reporter */,
			);
			path = Utils;
			sourceTree = "<group>";
		};
		1F1DA6C42A8765000076B77F /* Reporter */ = {
			isa = PBXGroup;
			children = (
				1F6FE2DD2A46F5CA00D646CE /* Reporter.swift */,
				1F1DA6C12A87644F0076B77F /* Reporter+API.swift */,
				1F1DA6C72A8767550076B77F /* Reporter+Slack.swift */,
				1F1DA6C92A876C740076B77F /* Reporter+Formatter.swift */,
				1F1DA6BF2A8764290076B77F /* Reporter+Media.swift */,
			);
			path = Reporter;
			sourceTree = "<group>";
		};
		1F1DA6C52A87652F0076B77F /* Constants */ = {
			isa = PBXGroup;
			children = (
				1FF3ED312A8738D600EEF21D /* Defaults.swift */,
				1F3BE3662A62FA910059A818 /* ReportType.swift */,
				1F04C21B2A63C068002FE62F /* Atoms.swift */,
			);
			path = Constants;
			sourceTree = "<group>";
		};
		1F1DA6C62A8765470076B77F /* Extensions */ = {
			isa = PBXGroup;
			children = (
				1F3BE36A2A62FED80059A818 /* Array+Extension.swift */,
			);
			path = Extensions;
			sourceTree = "<group>";
		};
		1F1DA6CB2A8778370076B77F /* Menu */ = {
			isa = PBXGroup;
			children = (
				1F6FE2DB2A469C6300D646CE /* MenuBarView.swift */,
				1F04C2232A63CB7B002FE62F /* ReportTypeView.swift */,
				1F04C2252A63CBED002FE62F /* ReportInfoView.swift */,
			);
			path = Menu;
			sourceTree = "<group>";
		};
		1F1DA6CC2A87784C0076B77F /* Setting */ = {
			isa = PBXGroup;
			children = (
				1F04C2272A63D4B9002FE62F /* BaseSettingView.swift */,
				1F6FE2D92A469B7500D646CE /* SettingView.swift */,
				1FF3ED2C2A87329800EEF21D /* Integration */,
			);
			path = Setting;
			sourceTree = "<group>";
		};
		1F3BE3702A63B3AA0059A818 /* Views */ = {
			isa = PBXGroup;
			children = (
				1F1DA6CC2A87784C0076B77F /* Setting */,
				1F1DA6CB2A8778370076B77F /* Menu */,
			);
			path = Views;
			sourceTree = "<group>";
		};
		1F6FE2BC2A468DFB00D646CE = {
			isa = PBXGroup;
			children = (
				1F04C2292A63E391002FE62F /* README.md */,
				1F6FE2C72A468DFB00D646CE /* ProcessReporter */,
				1F6FE2C62A468DFB00D646CE /* Products */,
			);
			sourceTree = "<group>";
		};
		1F6FE2C62A468DFB00D646CE /* Products */ = {
			isa = PBXGroup;
			children = (
				1F6FE2C52A468DFB00D646CE /* ProcessReporter.app */,
			);
			name = Products;
			sourceTree = "<group>";
		};
		1F6FE2C72A468DFB00D646CE /* ProcessReporter */ = {
			isa = PBXGroup;
			children = (
				1F1DA6C62A8765470076B77F /* Extensions */,
				1F1DA6C52A87652F0076B77F /* Constants */,
				1F1DA6C32A8764F80076B77F /* Utils */,
				1FBAFA022A815A9500425224 /* Components */,
				1FAAEC462A666ED800C086FF /* Info.plist */,
				1F04C21A2A63C003002FE62F /* PlayingBridage */,
				1F3BE3702A63B3AA0059A818 /* Views */,
				1F6FE2C82A468DFB00D646CE /* ProcessReporterApp.swift */,
				1F1E98192A511E3F006A7D39 /* ProcessReporter-Bridging-Header.h */,
				1F6FE2CC2A468DFC00D646CE /* Assets.xcassets */,
				1F6FE2D12A468DFC00D646CE /* ProcessReporter.entitlements */,
				1F6FE2CE2A468DFC00D646CE /* Preview Content */,
			);
			path = ProcessReporter;
			sourceTree = "<group>";
		};
		1F6FE2CE2A468DFC00D646CE /* Preview Content */ = {
			isa = PBXGroup;
			children = (
				1F6FE2CF2A468DFC00D646CE /* Preview Assets.xcassets */,
			);
			path = "Preview Content";
			sourceTree = "<group>";
		};
		1FBAFA022A815A9500425224 /* Components */ = {
			isa = PBXGroup;
			children = (
				1FBAFA032A815AA200425224 /* RelativeTimeView.swift */,
			);
			path = Components;
			sourceTree = "<group>";
		};
		1FF3ED2C2A87329800EEF21D /* Integration */ = {
			isa = PBXGroup;
			children = (
				1FF3ED2A2A8692A900EEF21D /* IntergrationView.swift */,
				1FF3ED2D2A8732AA00EEF21D /* ApiIntegrationView.swift */,
				1FF3ED2F2A8732C600EEF21D /* SlackIntegrationView.swift */,
			);
			path = Integration;
			sourceTree = "<group>";
		};
/* End PBXGroup section */

/* Begin PBXNativeTarget section */
		1F6FE2C42A468DFB00D646CE /* ProcessReporter */ = {
			isa = PBXNativeTarget;
			buildConfigurationList = 1F6FE2D42A468DFC00D646CE /* Build configuration list for PBXNativeTarget "ProcessReporter" */;
			buildPhases = (
				1F1DA6CD2A877BBE0076B77F /* ShellScript */,
				1F6FE2C12A468DFB00D646CE /* Sources */,
				1F6FE2C22A468DFB00D646CE /* Frameworks */,
				1F6FE2C32A468DFB00D646CE /* Resources */,
			);
			buildRules = (
			);
			dependencies = (
			);
			name = ProcessReporter;
			packageProductDependencies = (
				1F04C2212A63C81B002FE62F /* SwiftJotai */,
				1F04C22B2A63E5A2002FE62F /* LaunchAtLogin */,
			);
			productName = ProcessReporter;
			productReference = 1F6FE2C52A468DFB00D646CE /* ProcessReporter.app */;
			productType = "com.apple.product-type.application";
		};
/* End PBXNativeTarget section */

/* Begin PBXProject section */
		1F6FE2BD2A468DFB00D646CE /* Project object */ = {
			isa = PBXProject;
			attributes = {
				BuildIndependentTargetsInParallel = 1;
				LastSwiftUpdateCheck = 1430;
				LastUpgradeCheck = 1430;
				TargetAttributes = {
					1F6FE2C42A468DFB00D646CE = {
						CreatedOnToolsVersion = 14.3.1;
						LastSwiftMigration = 1430;
					};
				};
			};
			buildConfigurationList = 1F6FE2C02A468DFB00D646CE /* Build configuration list for PBXProject "ProcessReporter" */;
			compatibilityVersion = "Xcode 14.0";
			developmentRegion = en;
			hasScannedForEncodings = 0;
			knownRegions = (
				en,
				Base,
			);
			mainGroup = 1F6FE2BC2A468DFB00D646CE;
			packageReferences = (
				1F04C2202A63C81B002FE62F /* XCRemoteSwiftPackageReference "SwiftJotai" */,
				1F04C22A2A63E5A2002FE62F /* XCRemoteSwiftPackageReference "LaunchAtLogin-Modern" */,
			);
			productRefGroup = 1F6FE2C62A468DFB00D646CE /* Products */;
			projectDirPath = "";
			projectRoot = "";
			targets = (
				1F6FE2C42A468DFB00D646CE /* ProcessReporter */,
			);
		};
/* End PBXProject section */

/* Begin PBXResourcesBuildPhase section */
		1F6FE2C32A468DFB00D646CE /* Resources */ = {
			isa = PBXResourcesBuildPhase;
			buildActionMask = 2147483647;
			files = (
				1F6FE2D02A468DFC00D646CE /* Preview Assets.xcassets in Resources */,
				1F6FE2CD2A468DFC00D646CE /* Assets.xcassets in Resources */,
			);
			runOnlyForDeploymentPostprocessing = 0;
		};
/* End PBXResourcesBuildPhase section */

/* Begin PBXShellScriptBuildPhase section */
		1F1DA6CD2A877BBE0076B77F /* ShellScript */ = {
			isa = PBXShellScriptBuildPhase;
			buildActionMask = 2147483647;
			files = (
			);
			inputFileListPaths = (
			);
			inputPaths = (
			);
			outputFileListPaths = (
			);
			outputPaths = (
			);
			runOnlyForDeploymentPostprocessing = 0;
			shellPath = /bin/sh;
			shellScript = "# Typgit=`sh /etc/profile; which git`\ngit=`sh /etc/profile; which git`\nappBuild=`$git rev-parse --short HEAD`\n/usr/libexec/PlistBuddy -c \"Set :CFBundleVersion $appBuild\" \"${TARGET_BUILD_DIR}/${INFO_PLIST_PATH}\"\necho \"Updated ${TARGET_BUILD_DIR}/${INFO_PLIST_PATH}\"\n";
		};
/* End PBXShellScriptBuildPhase section */

/* Begin PBXSourcesBuildPhase section */
		1F6FE2C12A468DFB00D646CE /* Sources */ = {
			isa = PBXSourcesBuildPhase;
			buildActionMask = 2147483647;
			files = (
				1F6FE2D82A469A8300D646CE /* Store.swift in Sources */,
				1FF3ED322A8738D600EEF21D /* Defaults.swift in Sources */,
				1F3BE36F2A63B3220059A818 /* Request.swift in Sources */,
				1FBAFA042A815AA200425224 /* RelativeTimeView.swift in Sources */,
				1FAAEC482A66702100C086FF /* Application.swift in Sources */,
				1F04C2242A63CB7B002FE62F /* ReportTypeView.swift in Sources */,
				1F3BE3672A62FA910059A818 /* ReportType.swift in Sources */,
				1F1DA6C82A8767550076B77F /* Reporter+Slack.swift in Sources */,
				1F04C2282A63D4B9002FE62F /* BaseSettingView.swift in Sources */,
				1F1E981B2A511E3F006A7D39 /* nowplaying.mm in Sources */,
				1F3BE36B2A62FED80059A818 /* Array+Extension.swift in Sources */,
				1FFC0FC52A5AE4FE00F67585 /* ActiveApplicationObserver.swift in Sources */,
				1F3BE35F2A62F13D0059A818 /* Agent.swift in Sources */,
				1F3BE3692A62FB220059A818 /* Persisted+Modifier.swift in Sources */,
				1F04C2262A63CBED002FE62F /* ReportInfoView.swift in Sources */,
				1F04C21C2A63C068002FE62F /* Atoms.swift in Sources */,
				1F6FE2DA2A469B7500D646CE /* SettingView.swift in Sources */,
				1FF3ED2B2A8692A900EEF21D /* IntergrationView.swift in Sources */,
				1FF3ED2E2A8732AA00EEF21D /* ApiIntegrationView.swift in Sources */,
				1F1DA6CA2A876C740076B77F /* Reporter+Formatter.swift in Sources */,
				1F6FE2C92A468DFB00D646CE /* ProcessReporterApp.swift in Sources */,
				1F1DA6C22A87644F0076B77F /* Reporter+API.swift in Sources */,
				1F6FE2DE2A46F5CA00D646CE /* Reporter.swift in Sources */,
				1FF3ED302A8732C600EEF21D /* SlackIntegrationView.swift in Sources */,
				1F1DA6C02A8764290076B77F /* Reporter+Media.swift in Sources */,
				1F6FE2DC2A469C6300D646CE /* MenuBarView.swift in Sources */,
				1F1DA6BE2A875EDE0076B77F /* NotificationManager.swift in Sources */,
			);
			runOnlyForDeploymentPostprocessing = 0;
		};
/* End PBXSourcesBuildPhase section */

/* Begin XCBuildConfiguration section */
		1F6FE2D22A468DFC00D646CE /* Debug */ = {
			isa = XCBuildConfiguration;
			buildSettings = {
				ALWAYS_SEARCH_USER_PATHS = NO;
				CLANG_ANALYZER_NONNULL = YES;
				CLANG_ANALYZER_NUMBER_OBJECT_CONVERSION = YES_AGGRESSIVE;
				CLANG_CXX_LANGUAGE_STANDARD = "gnu++20";
				CLANG_ENABLE_MODULES = YES;
				CLANG_ENABLE_OBJC_ARC = YES;
				CLANG_ENABLE_OBJC_WEAK = YES;
				CLANG_WARN_BLOCK_CAPTURE_AUTORELEASING = YES;
				CLANG_WARN_BOOL_CONVERSION = YES;
				CLANG_WARN_COMMA = YES;
				CLANG_WARN_CONSTANT_CONVERSION = YES;
				CLANG_WARN_DEPRECATED_OBJC_IMPLEMENTATIONS = YES;
				CLANG_WARN_DIRECT_OBJC_ISA_USAGE = YES_ERROR;
				CLANG_WARN_DOCUMENTATION_COMMENTS = YES;
				CLANG_WARN_EMPTY_BODY = YES;
				CLANG_WARN_ENUM_CONVERSION = YES;
				CLANG_WARN_INFINITE_RECURSION = YES;
				CLANG_WARN_INT_CONVERSION = YES;
				CLANG_WARN_NON_LITERAL_NULL_CONVERSION = YES;
				CLANG_WARN_OBJC_IMPLICIT_RETAIN_SELF = YES;
				CLANG_WARN_OBJC_LITERAL_CONVERSION = YES;
				CLANG_WARN_OBJC_ROOT_CLASS = YES_ERROR;
				CLANG_WARN_QUOTED_INCLUDE_IN_FRAMEWORK_HEADER = YES;
				CLANG_WARN_RANGE_LOOP_ANALYSIS = YES;
				CLANG_WARN_STRICT_PROTOTYPES = YES;
				CLANG_WARN_SUSPICIOUS_MOVE = YES;
				CLANG_WARN_UNGUARDED_AVAILABILITY = YES_AGGRESSIVE;
				CLANG_WARN_UNREACHABLE_CODE = YES;
				CLANG_WARN__DUPLICATE_METHOD_MATCH = YES;
				COPY_PHASE_STRIP = NO;
				DEBUG_INFORMATION_FORMAT = dwarf;
				ENABLE_STRICT_OBJC_MSGSEND = YES;
				ENABLE_TESTABILITY = YES;
				GCC_C_LANGUAGE_STANDARD = gnu11;
				GCC_DYNAMIC_NO_PIC = NO;
				GCC_NO_COMMON_BLOCKS = YES;
				GCC_OPTIMIZATION_LEVEL = 0;
				GCC_PREPROCESSOR_DEFINITIONS = (
					"DEBUG=1",
					"$(inherited)",
				);
				GCC_WARN_64_TO_32_BIT_CONVERSION = YES;
				GCC_WARN_ABOUT_RETURN_TYPE = YES_ERROR;
				GCC_WARN_UNDECLARED_SELECTOR = YES;
				GCC_WARN_UNINITIALIZED_AUTOS = YES_AGGRESSIVE;
				GCC_WARN_UNUSED_FUNCTION = YES;
				GCC_WARN_UNUSED_VARIABLE = YES;
				MACOSX_DEPLOYMENT_TARGET = 13.3;
				MTL_ENABLE_DEBUG_INFO = INCLUDE_SOURCE;
				MTL_FAST_MATH = YES;
				ONLY_ACTIVE_ARCH = YES;
				SDKROOT = macosx;
				SWIFT_ACTIVE_COMPILATION_CONDITIONS = DEBUG;
				SWIFT_OPTIMIZATION_LEVEL = "-Onone";
			};
			name = Debug;
		};
		1F6FE2D32A468DFC00D646CE /* Release */ = {
			isa = XCBuildConfiguration;
			buildSettings = {
				ALWAYS_SEARCH_USER_PATHS = NO;
				CLANG_ANALYZER_NONNULL = YES;
				CLANG_ANALYZER_NUMBER_OBJECT_CONVERSION = YES_AGGRESSIVE;
				CLANG_CXX_LANGUAGE_STANDARD = "gnu++20";
				CLANG_ENABLE_MODULES = YES;
				CLANG_ENABLE_OBJC_ARC = YES;
				CLANG_ENABLE_OBJC_WEAK = YES;
				CLANG_WARN_BLOCK_CAPTURE_AUTORELEASING = YES;
				CLANG_WARN_BOOL_CONVERSION = YES;
				CLANG_WARN_COMMA = YES;
				CLANG_WARN_CONSTANT_CONVERSION = YES;
				CLANG_WARN_DEPRECATED_OBJC_IMPLEMENTATIONS = YES;
				CLANG_WARN_DIRECT_OBJC_ISA_USAGE = YES_ERROR;
				CLANG_WARN_DOCUMENTATION_COMMENTS = YES;
				CLANG_WARN_EMPTY_BODY = YES;
				CLANG_WARN_ENUM_CONVERSION = YES;
				CLANG_WARN_INFINITE_RECURSION = YES;
				CLANG_WARN_INT_CONVERSION = YES;
				CLANG_WARN_NON_LITERAL_NULL_CONVERSION = YES;
				CLANG_WARN_OBJC_IMPLICIT_RETAIN_SELF = YES;
				CLANG_WARN_OBJC_LITERAL_CONVERSION = YES;
				CLANG_WARN_OBJC_ROOT_CLASS = YES_ERROR;
				CLANG_WARN_QUOTED_INCLUDE_IN_FRAMEWORK_HEADER = YES;
				CLANG_WARN_RANGE_LOOP_ANALYSIS = YES;
				CLANG_WARN_STRICT_PROTOTYPES = YES;
				CLANG_WARN_SUSPICIOUS_MOVE = YES;
				CLANG_WARN_UNGUARDED_AVAILABILITY = YES_AGGRESSIVE;
				CLANG_WARN_UNREACHABLE_CODE = YES;
				CLANG_WARN__DUPLICATE_METHOD_MATCH = YES;
				COPY_PHASE_STRIP = NO;
				DEBUG_INFORMATION_FORMAT = "dwarf-with-dsym";
				ENABLE_NS_ASSERTIONS = NO;
				ENABLE_STRICT_OBJC_MSGSEND = YES;
				GCC_C_LANGUAGE_STANDARD = gnu11;
				GCC_NO_COMMON_BLOCKS = YES;
				GCC_WARN_64_TO_32_BIT_CONVERSION = YES;
				GCC_WARN_ABOUT_RETURN_TYPE = YES_ERROR;
				GCC_WARN_UNDECLARED_SELECTOR = YES;
				GCC_WARN_UNINITIALIZED_AUTOS = YES_AGGRESSIVE;
				GCC_WARN_UNUSED_FUNCTION = YES;
				GCC_WARN_UNUSED_VARIABLE = YES;
				MACOSX_DEPLOYMENT_TARGET = 13.3;
				MTL_ENABLE_DEBUG_INFO = NO;
				MTL_FAST_MATH = YES;
				SDKROOT = macosx;
				SWIFT_COMPILATION_MODE = wholemodule;
				SWIFT_OPTIMIZATION_LEVEL = "-O";
			};
			name = Release;
		};
		1F6FE2D52A468DFC00D646CE /* Debug */ = {
			isa = XCBuildConfiguration;
			buildSettings = {
				ASSETCATALOG_COMPILER_APPICON_NAME = AppIcon;
				ASSETCATALOG_COMPILER_GLOBAL_ACCENT_COLOR_NAME = AccentColor;
				CLANG_ENABLE_MODULES = YES;
				CODE_SIGN_ENTITLEMENTS = ProcessReporter/ProcessReporter.entitlements;
				CODE_SIGN_STYLE = Automatic;
				COMBINE_HIDPI_IMAGES = YES;
				CURRENT_PROJECT_VERSION = 1;
				DEVELOPMENT_ASSET_PATHS = "\"ProcessReporter/Preview Content\"";
				ENABLE_PREVIEWS = YES;
				GENERATE_INFOPLIST_FILE = YES;
				INFOPLIST_FILE = ProcessReporter/Info.plist;
				INFOPLIST_KEY_CFBundleDisplayName = "";
				INFOPLIST_KEY_LSApplicationCategoryType = "public.app-category.productivity";
				INFOPLIST_KEY_LSUIElement = YES;
				INFOPLIST_KEY_NSHumanReadableCopyright = "";
				LD_RUNPATH_SEARCH_PATHS = (
					"$(inherited)",
					"@executable_path/../Frameworks",
				);
				MACOSX_DEPLOYMENT_TARGET = 13.0;
				MARKETING_VERSION = 1.3.0;
				PRODUCT_BUNDLE_IDENTIFIER = dev.innei.ProcessReporter;
				PRODUCT_NAME = "$(TARGET_NAME)";
				SWIFT_EMIT_LOC_STRINGS = YES;
				SWIFT_OBJC_BRIDGING_HEADER = "ProcessReporter/ProcessReporter-Bridging-Header.h";
				SWIFT_OPTIMIZATION_LEVEL = "-Onone";
				SWIFT_VERSION = 5.0;
			};
			name = Debug;
		};
		1F6FE2D62A468DFC00D646CE /* Release */ = {
			isa = XCBuildConfiguration;
			buildSettings = {
				ASSETCATALOG_COMPILER_APPICON_NAME = AppIcon;
				ASSETCATALOG_COMPILER_GLOBAL_ACCENT_COLOR_NAME = AccentColor;
				CLANG_ENABLE_MODULES = YES;
				CODE_SIGN_ENTITLEMENTS = ProcessReporter/ProcessReporter.entitlements;
				CODE_SIGN_STYLE = Automatic;
				COMBINE_HIDPI_IMAGES = YES;
				CURRENT_PROJECT_VERSION = 1;
				DEVELOPMENT_ASSET_PATHS = "\"ProcessReporter/Preview Content\"";
				ENABLE_PREVIEWS = YES;
				GENERATE_INFOPLIST_FILE = YES;
				INFOPLIST_FILE = ProcessReporter/Info.plist;
				INFOPLIST_KEY_CFBundleDisplayName = "";
				INFOPLIST_KEY_LSApplicationCategoryType = "public.app-category.productivity";
				INFOPLIST_KEY_LSUIElement = YES;
				INFOPLIST_KEY_NSHumanReadableCopyright = "";
				LD_RUNPATH_SEARCH_PATHS = (
					"$(inherited)",
					"@executable_path/../Frameworks",
				);
				MACOSX_DEPLOYMENT_TARGET = 13.0;
				MARKETING_VERSION = 1.3.0;
				PRODUCT_BUNDLE_IDENTIFIER = dev.innei.ProcessReporter;
				PRODUCT_NAME = "$(TARGET_NAME)";
				SWIFT_EMIT_LOC_STRINGS = YES;
				SWIFT_OBJC_BRIDGING_HEADER = "ProcessReporter/ProcessReporter-Bridging-Header.h";
				SWIFT_VERSION = 5.0;
			};
			name = Release;
		};
/* End XCBuildConfiguration section */

/* Begin XCConfigurationList section */
		1F6FE2C02A468DFB00D646CE /* Build configuration list for PBXProject "ProcessReporter" */ = {
			isa = XCConfigurationList;
			buildConfigurations = (
				1F6FE2D22A468DFC00D646CE /* Debug */,
				1F6FE2D32A468DFC00D646CE /* Release */,
			);
			defaultConfigurationIsVisible = 0;
			defaultConfigurationName = Release;
		};
		1F6FE2D42A468DFC00D646CE /* Build configuration list for PBXNativeTarget "ProcessReporter" */ = {
			isa = XCConfigurationList;
			buildConfigurations = (
				1F6FE2D52A468DFC00D646CE /* Debug */,
				1F6FE2D62A468DFC00D646CE /* Release */,
			);
			defaultConfigurationIsVisible = 0;
			defaultConfigurationName = Release;
		};
/* End XCConfigurationList section */

/* Begin XCRemoteSwiftPackageReference section */
		1F04C2202A63C81B002FE62F /* XCRemoteSwiftPackageReference "SwiftJotai" */ = {
			isa = XCRemoteSwiftPackageReference;
			repositoryURL = "https://github.com/unixzii/SwiftJotai";
			requirement = {
				branch = main;
				kind = branch;
			};
		};
		1F04C22A2A63E5A2002FE62F /* XCRemoteSwiftPackageReference "LaunchAtLogin-Modern" */ = {
			isa = XCRemoteSwiftPackageReference;
			repositoryURL = "https://github.com/sindresorhus/LaunchAtLogin-Modern";
			requirement = {
				branch = main;
				kind = branch;
			};
		};
/* End XCRemoteSwiftPackageReference section */

/* Begin XCSwiftPackageProductDependency section */
		1F04C2212A63C81B002FE62F /* SwiftJotai */ = {
			isa = XCSwiftPackageProductDependency;
			package = 1F04C2202A63C81B002FE62F /* XCRemoteSwiftPackageReference "SwiftJotai" */;
			productName = SwiftJotai;
		};
		1F04C22B2A63E5A2002FE62F /* LaunchAtLogin */ = {
			isa = XCSwiftPackageProductDependency;
			package = 1F04C22A2A63E5A2002FE62F /* XCRemoteSwiftPackageReference "LaunchAtLogin-Modern" */;
			productName = LaunchAtLogin;
		};
/* End XCSwiftPackageProductDependency section */
	};
	rootObject = 1F6FE2BD2A468DFB00D646CE /* Project object */;
}
