{
  "pins" : [
    {
      "identity" : "launchatlogin-modern",
      "kind" : "remoteSourceControl",
      "location" : "https://github.com/sindresorhus/LaunchAtLogin-Modern",
      "state" : {
        "branch" : "main",
        "revision" : "9c41991631605c8ccfe0347bbcb5c659169f2ec5"
      }
    },
    {
      "identity" : "swiftjotai",
      "kind" : "remoteSourceControl",
      "location" : "https://github.com/unixzii/SwiftJotai",
      "state" : {
        "branch" : "main",
        "revision" : "75a2c9cb935d1143d4da29a0f2c0b7fc162b4641"
      }
    }
  ],
  "version" : 2
}
