{
  "pins" : [
    {
      "identity" : "launchatlogin-modern",
      "kind" : "remoteSourceControl",
      "location" : "https://github.com/sindresorhus/LaunchAtLogin-Modern",
      "state" : {
        "branch" : "main",
        "revision" : "9c41991631605c8ccfe0347bbcb5c659169f2ec5"
      }
    },
    {
      "identity" : "swiftjotai",
      "kind" : "remoteSourceControl",
      "location" : "https://github.com/unixzii/SwiftJotai",
      "state" : {
        "branch" : "main",
        "revision" : "e9955db450514ed9c87c4dfaeb86da8ba040a3ec"
      }
    }
  ],
  "version" : 2
}
